
Microsoft Visual Studio Solution File, Format Version 12.00
# Visual Studio Version 16
VisualStudioVersion = 16.0.30225.117
MinimumVisualStudioVersion = 10.0.40219.1
Project("{FAE04EC0-301F-11D3-BF4B-00C04F79EFBC}") = "USBSecureApp", "USBSecureApp\USBSecureApp.csproj", "{6DF13BA4-18FD-4273-968C-9460624A6DE9}"
EndProject
Project("{FAE04EC0-301F-11D3-BF4B-00C04F79EFBC}") = "USBSecureService", "USBSecureService\USBSecureService.csproj", "{3500FF2B-EBD5-4238-9C4B-C2675015F30C}"
EndProject
Global
	GlobalSection(SolutionConfigurationPlatforms) = preSolution
		Debug|Any CPU = Debug|Any CPU
		DefaultBuild|Any CPU = DefaultBuild|Any CPU
		Release|Any CPU = Release|Any CPU
	EndGlobalSection
	GlobalSection(ProjectConfigurationPlatforms) = postSolution
		{6DF13BA4-18FD-4273-968C-9460624A6DE9}.Debug|Any CPU.ActiveCfg = Debug|Any CPU
		{6DF13BA4-18FD-4273-968C-9460624A6DE9}.Debug|Any CPU.Build.0 = Debug|Any CPU
		{6DF13BA4-18FD-4273-968C-9460624A6DE9}.DefaultBuild|Any CPU.ActiveCfg = Debug|Any CPU
		{6DF13BA4-18FD-4273-968C-9460624A6DE9}.DefaultBuild|Any CPU.Build.0 = Debug|Any CPU
		{6DF13BA4-18FD-4273-968C-9460624A6DE9}.Release|Any CPU.ActiveCfg = Debug|Any CPU
		{6DF13BA4-18FD-4273-968C-9460624A6DE9}.Release|Any CPU.Build.0 = Debug|Any CPU
		{3500FF2B-EBD5-4238-9C4B-C2675015F30C}.Debug|Any CPU.ActiveCfg = Debug|Any CPU
		{3500FF2B-EBD5-4238-9C4B-C2675015F30C}.Debug|Any CPU.Build.0 = Debug|Any CPU
		{3500FF2B-EBD5-4238-9C4B-C2675015F30C}.DefaultBuild|Any CPU.ActiveCfg = Debug|Any CPU
		{3500FF2B-EBD5-4238-9C4B-C2675015F30C}.DefaultBuild|Any CPU.Build.0 = Debug|Any CPU
		{3500FF2B-EBD5-4238-9C4B-C2675015F30C}.Release|Any CPU.ActiveCfg = Release|Any CPU
		{3500FF2B-EBD5-4238-9C4B-C2675015F30C}.Release|Any CPU.Build.0 = Release|Any CPU
	EndGlobalSection
	GlobalSection(SolutionProperties) = preSolution
		HideSolutionNode = FALSE
	EndGlobalSection
	GlobalSection(ExtensibilityGlobals) = postSolution
		SolutionGuid = {D88E50BB-B6C9-4B0E-8A25-AE4F95AC3E5D}
	EndGlobalSection
EndGlobal
